
Microsoft Visual Studio Solution File, Format Version 12.00
# Visual Studio Version 16
VisualStudioVersion = 16.0.29025.244
MinimumVisualStudioVersion = 10.0.40219.1
Project("{8BC9CEB8-8B4A-11D0-8D11-00A0C91BC942}") = "MyDemo", "MyDemo\MyDemo.vcxproj", "{ED5B1F72-99B7-4661-B12D-752AF15C99D7}"
EndProject
Project("{8BC9CEB8-8B4A-11D0-8D11-00A0C91BC942}") = "MyDemo_2", "MyDemo_2\MyDemo_2.vcxproj", "{7C689EE0-E181-430D-9369-D92048FE804A}"
EndProject
Project("{8BC9CEB8-8B4A-11D0-8D11-00A0C91BC942}") = "窗口操作练习", "窗口操作练习\窗口操作练习.vcxproj", "{4192758E-A92F-4104-A3DB-7B99B754B500}"
EndProject
Project("{8BC9CEB8-8B4A-11D0-8D11-00A0C91BC942}") = "计算器练习", "计算器练习\计算器练习.vcxproj", "{3FEB9327-1B04-4372-9297-E44A67D60D47}"
EndProject
Project("{8BC9CEB8-8B4A-11D0-8D11-00A0C91BC942}") = "模拟钢琴", "模拟钢琴\模拟钢琴.vcxproj", "{EFED5CC8-9395-4627-8084-C5F20A56D2AC}"
EndProject
Project("{8BC9CEB8-8B4A-11D0-8D11-00A0C91BC942}") = "重写回调函数", "重写回调函数\重写回调函数.vcxproj", "{9471370A-2141-436E-98DD-392FE1DB1281}"
EndProject
Project("{8BC9CEB8-8B4A-11D0-8D11-00A0C91BC942}") = "控件的使用", "控件的使用\控件的使用.vcxproj", "{233F1CC4-E6FA-479D-8B4F-5CA5C147EBCC}"
EndProject
Project("{8BC9CEB8-8B4A-11D0-8D11-00A0C91BC942}") = "列表的使用", "列表的使用\列表的使用.vcxproj", "{21E5FA47-ED1D-4EDE-A92F-1968637B20E2}"
EndProject
Project("{8BC9CEB8-8B4A-11D0-8D11-00A0C91BC942}") = "win32Dll", "win32Dll\win32Dll.vcxproj", "{3CD4D041-A72C-4708-80AD-5DA9F0B41560}"
EndProject
Project("{8BC9CEB8-8B4A-11D0-8D11-00A0C91BC942}") = "DLL调用", "DLL调用\DLL调用.vcxproj", "{D4740158-42C9-4D32-B04D-EC3727461A9B}"
EndProject
Global
	GlobalSection(SolutionConfigurationPlatforms) = preSolution
		Debug|x64 = Debug|x64
		Debug|x86 = Debug|x86
		Release|x64 = Release|x64
		Release|x86 = Release|x86
	EndGlobalSection
	GlobalSection(ProjectConfigurationPlatforms) = postSolution
		{ED5B1F72-99B7-4661-B12D-752AF15C99D7}.Debug|x64.ActiveCfg = Debug|x64
		{ED5B1F72-99B7-4661-B12D-752AF15C99D7}.Debug|x64.Build.0 = Debug|x64
		{ED5B1F72-99B7-4661-B12D-752AF15C99D7}.Debug|x86.ActiveCfg = Debug|Win32
		{ED5B1F72-99B7-4661-B12D-752AF15C99D7}.Debug|x86.Build.0 = Debug|Win32
		{ED5B1F72-99B7-4661-B12D-752AF15C99D7}.Release|x64.ActiveCfg = Release|x64
		{ED5B1F72-99B7-4661-B12D-752AF15C99D7}.Release|x64.Build.0 = Release|x64
		{ED5B1F72-99B7-4661-B12D-752AF15C99D7}.Release|x86.ActiveCfg = Release|Win32
		{ED5B1F72-99B7-4661-B12D-752AF15C99D7}.Release|x86.Build.0 = Release|Win32
		{7C689EE0-E181-430D-9369-D92048FE804A}.Debug|x64.ActiveCfg = Debug|x64
		{7C689EE0-E181-430D-9369-D92048FE804A}.Debug|x64.Build.0 = Debug|x64
		{7C689EE0-E181-430D-9369-D92048FE804A}.Debug|x86.ActiveCfg = Debug|Win32
		{7C689EE0-E181-430D-9369-D92048FE804A}.Debug|x86.Build.0 = Debug|Win32
		{7C689EE0-E181-430D-9369-D92048FE804A}.Release|x64.ActiveCfg = Release|x64
		{7C689EE0-E181-430D-9369-D92048FE804A}.Release|x64.Build.0 = Release|x64
		{7C689EE0-E181-430D-9369-D92048FE804A}.Release|x86.ActiveCfg = Release|Win32
		{7C689EE0-E181-430D-9369-D92048FE804A}.Release|x86.Build.0 = Release|Win32
		{4192758E-A92F-4104-A3DB-7B99B754B500}.Debug|x64.ActiveCfg = Debug|x64
		{4192758E-A92F-4104-A3DB-7B99B754B500}.Debug|x64.Build.0 = Debug|x64
		{4192758E-A92F-4104-A3DB-7B99B754B500}.Debug|x86.ActiveCfg = Debug|Win32
		{4192758E-A92F-4104-A3DB-7B99B754B500}.Debug|x86.Build.0 = Debug|Win32
		{4192758E-A92F-4104-A3DB-7B99B754B500}.Release|x64.ActiveCfg = Release|x64
		{4192758E-A92F-4104-A3DB-7B99B754B500}.Release|x64.Build.0 = Release|x64
		{4192758E-A92F-4104-A3DB-7B99B754B500}.Release|x86.ActiveCfg = Release|Win32
		{4192758E-A92F-4104-A3DB-7B99B754B500}.Release|x86.Build.0 = Release|Win32
		{3FEB9327-1B04-4372-9297-E44A67D60D47}.Debug|x64.ActiveCfg = Debug|x64
		{3FEB9327-1B04-4372-9297-E44A67D60D47}.Debug|x64.Build.0 = Debug|x64
		{3FEB9327-1B04-4372-9297-E44A67D60D47}.Debug|x86.ActiveCfg = Debug|Win32
		{3FEB9327-1B04-4372-9297-E44A67D60D47}.Debug|x86.Build.0 = Debug|Win32
		{3FEB9327-1B04-4372-9297-E44A67D60D47}.Release|x64.ActiveCfg = Release|x64
		{3FEB9327-1B04-4372-9297-E44A67D60D47}.Release|x64.Build.0 = Release|x64
		{3FEB9327-1B04-4372-9297-E44A67D60D47}.Release|x86.ActiveCfg = Release|Win32
		{3FEB9327-1B04-4372-9297-E44A67D60D47}.Release|x86.Build.0 = Release|Win32
		{EFED5CC8-9395-4627-8084-C5F20A56D2AC}.Debug|x64.ActiveCfg = Debug|x64
		{EFED5CC8-9395-4627-8084-C5F20A56D2AC}.Debug|x64.Build.0 = Debug|x64
		{EFED5CC8-9395-4627-8084-C5F20A56D2AC}.Debug|x86.ActiveCfg = Debug|Win32
		{EFED5CC8-9395-4627-8084-C5F20A56D2AC}.Debug|x86.Build.0 = Debug|Win32
		{EFED5CC8-9395-4627-8084-C5F20A56D2AC}.Release|x64.ActiveCfg = Release|x64
		{EFED5CC8-9395-4627-8084-C5F20A56D2AC}.Release|x64.Build.0 = Release|x64
		{EFED5CC8-9395-4627-8084-C5F20A56D2AC}.Release|x86.ActiveCfg = Release|Win32
		{EFED5CC8-9395-4627-8084-C5F20A56D2AC}.Release|x86.Build.0 = Release|Win32
		{9471370A-2141-436E-98DD-392FE1DB1281}.Debug|x64.ActiveCfg = Debug|x64
		{9471370A-2141-436E-98DD-392FE1DB1281}.Debug|x64.Build.0 = Debug|x64
		{9471370A-2141-436E-98DD-392FE1DB1281}.Debug|x86.ActiveCfg = Debug|Win32
		{9471370A-2141-436E-98DD-392FE1DB1281}.Debug|x86.Build.0 = Debug|Win32
		{9471370A-2141-436E-98DD-392FE1DB1281}.Release|x64.ActiveCfg = Release|x64
		{9471370A-2141-436E-98DD-392FE1DB1281}.Release|x64.Build.0 = Release|x64
		{9471370A-2141-436E-98DD-392FE1DB1281}.Release|x86.ActiveCfg = Release|Win32
		{9471370A-2141-436E-98DD-392FE1DB1281}.Release|x86.Build.0 = Release|Win32
		{233F1CC4-E6FA-479D-8B4F-5CA5C147EBCC}.Debug|x64.ActiveCfg = Debug|x64
		{233F1CC4-E6FA-479D-8B4F-5CA5C147EBCC}.Debug|x64.Build.0 = Debug|x64
		{233F1CC4-E6FA-479D-8B4F-5CA5C147EBCC}.Debug|x86.ActiveCfg = Debug|Win32
		{233F1CC4-E6FA-479D-8B4F-5CA5C147EBCC}.Debug|x86.Build.0 = Debug|Win32
		{233F1CC4-E6FA-479D-8B4F-5CA5C147EBCC}.Release|x64.ActiveCfg = Release|x64
		{233F1CC4-E6FA-479D-8B4F-5CA5C147EBCC}.Release|x64.Build.0 = Release|x64
		{233F1CC4-E6FA-479D-8B4F-5CA5C147EBCC}.Release|x86.ActiveCfg = Release|Win32
		{233F1CC4-E6FA-479D-8B4F-5CA5C147EBCC}.Release|x86.Build.0 = Release|Win32
		{21E5FA47-ED1D-4EDE-A92F-1968637B20E2}.Debug|x64.ActiveCfg = Debug|x64
		{21E5FA47-ED1D-4EDE-A92F-1968637B20E2}.Debug|x64.Build.0 = Debug|x64
		{21E5FA47-ED1D-4EDE-A92F-1968637B20E2}.Debug|x86.ActiveCfg = Debug|Win32
		{21E5FA47-ED1D-4EDE-A92F-1968637B20E2}.Debug|x86.Build.0 = Debug|Win32
		{21E5FA47-ED1D-4EDE-A92F-1968637B20E2}.Release|x64.ActiveCfg = Release|x64
		{21E5FA47-ED1D-4EDE-A92F-1968637B20E2}.Release|x64.Build.0 = Release|x64
		{21E5FA47-ED1D-4EDE-A92F-1968637B20E2}.Release|x86.ActiveCfg = Release|Win32
		{21E5FA47-ED1D-4EDE-A92F-1968637B20E2}.Release|x86.Build.0 = Release|Win32
		{3CD4D041-A72C-4708-80AD-5DA9F0B41560}.Debug|x64.ActiveCfg = Debug|x64
		{3CD4D041-A72C-4708-80AD-5DA9F0B41560}.Debug|x64.Build.0 = Debug|x64
		{3CD4D041-A72C-4708-80AD-5DA9F0B41560}.Debug|x86.ActiveCfg = Debug|Win32
		{3CD4D041-A72C-4708-80AD-5DA9F0B41560}.Debug|x86.Build.0 = Debug|Win32
		{3CD4D041-A72C-4708-80AD-5DA9F0B41560}.Release|x64.ActiveCfg = Release|x64
		{3CD4D041-A72C-4708-80AD-5DA9F0B41560}.Release|x64.Build.0 = Release|x64
		{3CD4D041-A72C-4708-80AD-5DA9F0B41560}.Release|x86.ActiveCfg = Release|Win32
		{3CD4D041-A72C-4708-80AD-5DA9F0B41560}.Release|x86.Build.0 = Release|Win32
		{D4740158-42C9-4D32-B04D-EC3727461A9B}.Debug|x64.ActiveCfg = Debug|x64
		{D4740158-42C9-4D32-B04D-EC3727461A9B}.Debug|x64.Build.0 = Debug|x64
		{D4740158-42C9-4D32-B04D-EC3727461A9B}.Debug|x86.ActiveCfg = Debug|Win32
		{D4740158-42C9-4D32-B04D-EC3727461A9B}.Debug|x86.Build.0 = Debug|Win32
		{D4740158-42C9-4D32-B04D-EC3727461A9B}.Release|x64.ActiveCfg = Release|x64
		{D4740158-42C9-4D32-B04D-EC3727461A9B}.Release|x64.Build.0 = Release|x64
		{D4740158-42C9-4D32-B04D-EC3727461A9B}.Release|x86.ActiveCfg = Release|Win32
		{D4740158-42C9-4D32-B04D-EC3727461A9B}.Release|x86.Build.0 = Release|Win32
	EndGlobalSection
	GlobalSection(SolutionProperties) = preSolution
		HideSolutionNode = FALSE
	EndGlobalSection
	GlobalSection(ExtensibilityGlobals) = postSolution
		SolutionGuid = {F7C73750-4EF5-4AC9-BFC4-3B2B8C6B21F2}
	EndGlobalSection
EndGlobal
